Microsoft Visual Studio Solution File, Format Version 12.00
# Visual Studio Version 17
VisualStudioVersion = 17.5.2.0
MinimumVisualStudioVersion = 10.0.40219.1
Project("{FAE04EC0-301F-11D3-BF4B-00C04F79EFBC}") = "MinimalWebAPI", "MinimalWebAPI.csproj", "{D0D2BC74-158A-5830-EA2F-55D3F092084E}"
EndProject
Global
	GlobalSection(SolutionConfigurationPlatforms) = preSolution
		Debug|Any CPU = Debug|Any CPU
		Release|Any CPU = Release|Any CPU
	EndGlobalSection
	GlobalSection(ProjectConfigurationPlatforms) = postSolution
		{D0D2BC74-158A-5830-EA2F-55D3F092084E}.Debug|Any CPU.ActiveCfg = Debug|Any CPU
		{D0D2BC74-158A-5830-EA2F-55D3F092084E}.Debug|Any CPU.Build.0 = Debug|Any CPU
		{D0D2BC74-158A-5830-EA2F-55D3F092084E}.Release|Any CPU.ActiveCfg = Release|Any CPU
		{D0D2BC74-158A-5830-EA2F-55D3F092084E}.Release|Any CPU.Build.0 = Release|Any CPU
	EndGlobalSection
	GlobalSection(SolutionProperties) = preSolution
		HideSolutionNode = FALSE
	EndGlobalSection
	GlobalSection(ExtensibilityGlobals) = postSolution
		SolutionGuid = {178D9349-E009-4706-9D99-A655BEF2777D}
	EndGlobalSection
EndGlobal
